
Microsoft Visual Studio Solution File, Format Version 12.00
# Visual Studio Version 16
VisualStudioVersion = 16.0.31205.134
MinimumVisualStudioVersion = 10.0.40219.1
Project("{FAE04EC0-301F-11D3-BF4B-00C04F79EFBC}") = "Person, Customer, Preferred Customer", "Person, Customer, Preferred Customer\Person, Customer, Preferred Customer.csproj", "{050E86EC-1132-40EB-A727-5FA2BB8BBC9D}"
EndProject
Global
	GlobalSection(SolutionConfigurationPlatforms) = preSolution
		Debug|Any CPU = Debug|Any CPU
		Release|Any CPU = Release|Any CPU
	EndGlobalSection
	GlobalSection(ProjectConfigurationPlatforms) = postSolution
		{050E86EC-1132-40EB-A727-5FA2BB8BBC9D}.Debug|Any CPU.ActiveCfg = Debug|Any CPU
		{050E86EC-1132-40EB-A727-5FA2BB8BBC9D}.Debug|Any CPU.Build.0 = Debug|Any CPU
		{050E86EC-1132-40EB-A727-5FA2BB8BBC9D}.Release|Any CPU.ActiveCfg = Release|Any CPU
		{050E86EC-1132-40EB-A727-5FA2BB8BBC9D}.Release|Any CPU.Build.0 = Release|Any CPU
	EndGlobalSection
	GlobalSection(SolutionProperties) = preSolution
		HideSolutionNode = FALSE
	EndGlobalSection
	GlobalSection(ExtensibilityGlobals) = postSolution
		SolutionGuid = {810BE994-0D66-47AB-9976-0FD5502F83DD}
	EndGlobalSection
EndGlobal
